github.com/cdvelop/tinybin v0.2.7 h1:uM2rsVNNJStki97jcLBq1i8lmJYLJL89X96rtxXqTiU=
github.com/cdvelop/tinybin v0.2.7/go.mod h1:Qv8TvS/oWbKmAjYdwXnA31YRbHW3xozWKBNOwhacMA4=
github.com/cdvelop/tinyjson v0.0.5 h1:Le1S3Kz5hR36yMiWZmc9xhHp0P1I60QNFe9AZMJfthU=
github.com/cdvelop/tinyjson v0.0.5/go.mod h1:rQayqMxEL5VyTVp0OcqKmuV9d4tLYI3sEibDLsDGNP4=
github.com/cdvelop/tinystring v0.11.0 h1:CGZt2u3JoRyxAFrpKNICGVDCHP2bI0d8ejxFlgo8SYQ=
github.com/cdvelop/tinystring v0.11.0/go.mod h1:m12IsLVkhIRv/kA7bercPtzfdZhx2WtuZUPZWZhUsgw=
