github.com/tinywasm/fmt v0.12.2 h1:WcNBLVYX/4AvWY1J/RcyTJPzOzDj2XMfjZ3vsg9U7k0=
github.com/tinywasm/fmt v0.12.2/go.mod h1:L2GCAi6asgytPV6TVvGrRq5Ml+DkUt1Ijo5i/2J1jOY=
github.com/tinywasm/gobin v0.2.12 h1:O6zg5OC0GIlKYwN7HmXjecfwxHs0ku3GLoUl79jmTxk=
github.com/tinywasm/gobin v0.2.12/go.mod h1:7iJpyHZ1Q2bOqrAQZF6DkBkQT+Dch22kPdQKqxlQaDw=
github.com/tinywasm/json v0.0.10 h1:CgWP5l120FnFETDDBGVOw+p2xcUWhpRHf6jj4BFdVHA=
github.com/tinywasm/json v0.0.10/go.mod h1:fP912Nwg4QpRmor9g+elbF+PE6W4pph39S8osvezx5Q=
